
Microsoft Visual Studio Solution File, Format Version 12.00
# Visual Studio 15
Project("{FAE04EC0-301F-11D3-BF4B-00C04F79EFBC}") = "Lesson16Files", "Lesson16Files\Lesson16Files.csproj", "{10B8546B-6272-4083-9009-558CA1D024A2}"
EndProject
Global
	GlobalSection(SolutionConfigurationPlatforms) = preSolution
		Debug|Any CPU = Debug|Any CPU
		Release|Any CPU = Release|Any CPU
	EndGlobalSection
	GlobalSection(ProjectConfigurationPlatforms) = postSolution
		{10B8546B-6272-4083-9009-558CA1D024A2}.Debug|Any CPU.ActiveCfg = Debug|Any CPU
		{10B8546B-6272-4083-9009-558CA1D024A2}.Debug|Any CPU.Build.0 = Debug|Any CPU
		{10B8546B-6272-4083-9009-558CA1D024A2}.Release|Any CPU.ActiveCfg = Release|Any CPU
		{10B8546B-6272-4083-9009-558CA1D024A2}.Release|Any CPU.Build.0 = Release|Any CPU
	EndGlobalSection
EndGlobal
